
Microsoft Visual Studio Solution File, Format Version 12.00
# Visual Studio Version 17
VisualStudioVersion = 17.9.34902.65
MinimumVisualStudioVersion = 10.0.40219.1
Project("{FAE04EC0-301F-11D3-BF4B-00C04F79EFBC}") = "Shop", "Shop\Shop.csproj", "{9F61EF9B-A6DD-4E0F-8471-C8C390AA6CA5}"
EndProject
Project("{2150E333-8FDC-42A3-9474-1A3956D46DE8}") = "UI", "UI", "{275025A1-DDC9-48C8-AFE8-6226B92B2A96}"
EndProject
Project("{2150E333-8FDC-42A3-9474-1A3956D46DE8}") = "WebAPI", "WebAPI", "{55099625-8D8B-4574-A0BE-A14077801AB4}"
EndProject
Global
	GlobalSection(SolutionConfigurationPlatforms) = preSolution
		Debug|Any CPU = Debug|Any CPU
		Release|Any CPU = Release|Any CPU
	EndGlobalSection
	GlobalSection(ProjectConfigurationPlatforms) = postSolution
		{9F61EF9B-A6DD-4E0F-8471-C8C390AA6CA5}.Debug|Any CPU.ActiveCfg = Debug|Any CPU
		{9F61EF9B-A6DD-4E0F-8471-C8C390AA6CA5}.Debug|Any CPU.Build.0 = Debug|Any CPU
		{9F61EF9B-A6DD-4E0F-8471-C8C390AA6CA5}.Release|Any CPU.ActiveCfg = Release|Any CPU
		{9F61EF9B-A6DD-4E0F-8471-C8C390AA6CA5}.Release|Any CPU.Build.0 = Release|Any CPU
	EndGlobalSection
	GlobalSection(SolutionProperties) = preSolution
		HideSolutionNode = FALSE
	EndGlobalSection
	GlobalSection(NestedProjects) = preSolution
		{9F61EF9B-A6DD-4E0F-8471-C8C390AA6CA5} = {55099625-8D8B-4574-A0BE-A14077801AB4}
	EndGlobalSection
	GlobalSection(ExtensibilityGlobals) = postSolution
		SolutionGuid = {4553AEA3-8119-495A-9978-AEBFCD5019B6}
	EndGlobalSection
EndGlobal
