
Microsoft Visual Studio Solution File, Format Version 12.00
# Visual Studio Version 17
VisualStudioVersion = 17.9.34902.65
MinimumVisualStudioVersion = 10.0.40219.1
Project("{9A19103F-16F7-4668-BE54-9A1E7A4F7556}") = "calculator", "calculator\calculator.csproj", "{1B7E7532-7DA7-4A05-A81F-95E5F72E8571}"
EndProject
Project("{2150E333-8FDC-42A3-9474-1A3956D46DE8}") = "tests", "tests", "{46F0877A-7716-43C8-BE8A-50147560F72F}"
EndProject
Project("{FAE04EC0-301F-11D3-BF4B-00C04F79EFBC}") = "calculator.tests", "calculator.tests\calculator.tests.csproj", "{A6424178-8452-440D-8FF3-324D8B1C4132}"
EndProject
Global
	GlobalSection(SolutionConfigurationPlatforms) = preSolution
		Debug|Any CPU = Debug|Any CPU
		Release|Any CPU = Release|Any CPU
	EndGlobalSection
	GlobalSection(ProjectConfigurationPlatforms) = postSolution
		{1B7E7532-7DA7-4A05-A81F-95E5F72E8571}.Debug|Any CPU.ActiveCfg = Debug|Any CPU
		{1B7E7532-7DA7-4A05-A81F-95E5F72E8571}.Debug|Any CPU.Build.0 = Debug|Any CPU
		{1B7E7532-7DA7-4A05-A81F-95E5F72E8571}.Release|Any CPU.ActiveCfg = Release|Any CPU
		{1B7E7532-7DA7-4A05-A81F-95E5F72E8571}.Release|Any CPU.Build.0 = Release|Any CPU
		{A6424178-8452-440D-8FF3-324D8B1C4132}.Debug|Any CPU.ActiveCfg = Debug|Any CPU
		{A6424178-8452-440D-8FF3-324D8B1C4132}.Debug|Any CPU.Build.0 = Debug|Any CPU
		{A6424178-8452-440D-8FF3-324D8B1C4132}.Release|Any CPU.ActiveCfg = Release|Any CPU
		{A6424178-8452-440D-8FF3-324D8B1C4132}.Release|Any CPU.Build.0 = Release|Any CPU
	EndGlobalSection
	GlobalSection(SolutionProperties) = preSolution
		HideSolutionNode = FALSE
	EndGlobalSection
	GlobalSection(NestedProjects) = preSolution
		{A6424178-8452-440D-8FF3-324D8B1C4132} = {46F0877A-7716-43C8-BE8A-50147560F72F}
	EndGlobalSection
	GlobalSection(ExtensibilityGlobals) = postSolution
		SolutionGuid = {3B8F1A5D-F9AE-47E1-8125-E637429D34F0}
	EndGlobalSection
EndGlobal
